
Microsoft Visual Studio Solution File, Format Version 12.00
# Visual Studio Version 17
VisualStudioVersion = 17.0.31903.59
MinimumVisualStudioVersion = 10.0.40219.1
Project("{FAE04EC0-301F-11D3-BF4B-00C04F79EFBC}") = "AssuranceService.Api", "src\Api\AssuranceService.Api.csproj", "{A1B2C3D4-1111-2222-3333-444455556666}"
EndProject
Project("{FAE04EC0-301F-11D3-BF4B-00C04F79EFBC}") = "AssuranceService.Application", "src\Application\AssuranceService.Application.csproj", "{B2C3D4E5-2222-3333-4444-555566667777}"
EndProject
Project("{FAE04EC0-301F-11D3-BF4B-00C04F79EFBC}") = "AssuranceService.Domain", "src\Domain\AssuranceService.Domain.csproj", "{C3D4E5F6-3333-4444-5555-666677778888}"
EndProject
Project("{FAE04EC0-301F-11D3-BF4B-00C04F79EFBC}") = "AssuranceService.Infrastructure", "src\Infrastructure\AssuranceService.Infrastructure.csproj", "{D4E5F607-4444-5555-6666-777788889999}"
EndProject
Project("{2150E333-8FDC-42A3-9474-1A3956D46DE8}") = "tests", "tests", "{0AB3BF05-4346-4AA6-1389-037BE0695223}"
EndProject
Project("{FAE04EC0-301F-11D3-BF4B-00C04F79EFBC}") = "AssuranceService.Application.Tests", "tests\AssuranceService.Application.Tests\AssuranceService.Application.Tests.csproj", "{C20CD254-2ABD-4741-B459-A6E4C01956E6}"
EndProject
Project("{2150E333-8FDC-42A3-9474-1A3956D46DE8}") = "src", "src", "{827E0CD3-B72D-47B6-A68D-7590B98EB39B}"
EndProject
Project("{2150E333-8FDC-42A3-9474-1A3956D46DE8}") = "Application", "Application", "{22BAF98C-8415-17C4-B26A-D537657BC863}"
EndProject
Global
	GlobalSection(SolutionConfigurationPlatforms) = preSolution
		Debug|Any CPU = Debug|Any CPU
		Debug|x64 = Debug|x64
		Debug|x86 = Debug|x86
		Release|Any CPU = Release|Any CPU
		Release|x64 = Release|x64
		Release|x86 = Release|x86
	EndGlobalSection
	GlobalSection(ProjectConfigurationPlatforms) = postSolution
		{A1B2C3D4-1111-2222-3333-444455556666}.Debug|Any CPU.ActiveCfg = Debug|Any CPU
		{A1B2C3D4-1111-2222-3333-444455556666}.Debug|Any CPU.Build.0 = Debug|Any CPU
		{A1B2C3D4-1111-2222-3333-444455556666}.Debug|x64.ActiveCfg = Debug|Any CPU
		{A1B2C3D4-1111-2222-3333-444455556666}.Debug|x64.Build.0 = Debug|Any CPU
		{A1B2C3D4-1111-2222-3333-444455556666}.Debug|x86.ActiveCfg = Debug|Any CPU
		{A1B2C3D4-1111-2222-3333-444455556666}.Debug|x86.Build.0 = Debug|Any CPU
		{A1B2C3D4-1111-2222-3333-444455556666}.Release|Any CPU.ActiveCfg = Release|Any CPU
		{A1B2C3D4-1111-2222-3333-444455556666}.Release|Any CPU.Build.0 = Release|Any CPU
		{A1B2C3D4-1111-2222-3333-444455556666}.Release|x64.ActiveCfg = Release|Any CPU
		{A1B2C3D4-1111-2222-3333-444455556666}.Release|x64.Build.0 = Release|Any CPU
		{A1B2C3D4-1111-2222-3333-444455556666}.Release|x86.ActiveCfg = Release|Any CPU
		{A1B2C3D4-1111-2222-3333-444455556666}.Release|x86.Build.0 = Release|Any CPU
		{B2C3D4E5-2222-3333-4444-555566667777}.Debug|Any CPU.ActiveCfg = Debug|Any CPU
		{B2C3D4E5-2222-3333-4444-555566667777}.Debug|Any CPU.Build.0 = Debug|Any CPU
		{B2C3D4E5-2222-3333-4444-555566667777}.Debug|x64.ActiveCfg = Debug|Any CPU
		{B2C3D4E5-2222-3333-4444-555566667777}.Debug|x64.Build.0 = Debug|Any CPU
		{B2C3D4E5-2222-3333-4444-555566667777}.Debug|x86.ActiveCfg = Debug|Any CPU
		{B2C3D4E5-2222-3333-4444-555566667777}.Debug|x86.Build.0 = Debug|Any CPU
		{B2C3D4E5-2222-3333-4444-555566667777}.Release|Any CPU.ActiveCfg = Release|Any CPU
		{B2C3D4E5-2222-3333-4444-555566667777}.Release|Any CPU.Build.0 = Release|Any CPU
		{B2C3D4E5-2222-3333-4444-555566667777}.Release|x64.ActiveCfg = Release|Any CPU
		{B2C3D4E5-2222-3333-4444-555566667777}.Release|x64.Build.0 = Release|Any CPU
		{B2C3D4E5-2222-3333-4444-555566667777}.Release|x86.ActiveCfg = Release|Any CPU
		{B2C3D4E5-2222-3333-4444-555566667777}.Release|x86.Build.0 = Release|Any CPU
		{C3D4E5F6-3333-4444-5555-666677778888}.Debug|Any CPU.ActiveCfg = Debug|Any CPU
		{C3D4E5F6-3333-4444-5555-666677778888}.Debug|Any CPU.Build.0 = Debug|Any CPU
		{C3D4E5F6-3333-4444-5555-666677778888}.Debug|x64.ActiveCfg = Debug|Any CPU
		{C3D4E5F6-3333-4444-5555-666677778888}.Debug|x64.Build.0 = Debug|Any CPU
		{C3D4E5F6-3333-4444-5555-666677778888}.Debug|x86.ActiveCfg = Debug|Any CPU
		{C3D4E5F6-3333-4444-5555-666677778888}.Debug|x86.Build.0 = Debug|Any CPU
		{C3D4E5F6-3333-4444-5555-666677778888}.Release|Any CPU.ActiveCfg = Release|Any CPU
		{C3D4E5F6-3333-4444-5555-666677778888}.Release|Any CPU.Build.0 = Release|Any CPU
		{C3D4E5F6-3333-4444-5555-666677778888}.Release|x64.ActiveCfg = Release|Any CPU
		{C3D4E5F6-3333-4444-5555-666677778888}.Release|x64.Build.0 = Release|Any CPU
		{C3D4E5F6-3333-4444-5555-666677778888}.Release|x86.ActiveCfg = Release|Any CPU
		{C3D4E5F6-3333-4444-5555-666677778888}.Release|x86.Build.0 = Release|Any CPU
		{D4E5F607-4444-5555-6666-777788889999}.Debug|Any CPU.ActiveCfg = Debug|Any CPU
		{D4E5F607-4444-5555-6666-777788889999}.Debug|Any CPU.Build.0 = Debug|Any CPU
		{D4E5F607-4444-5555-6666-777788889999}.Debug|x64.ActiveCfg = Debug|Any CPU
		{D4E5F607-4444-5555-6666-777788889999}.Debug|x64.Build.0 = Debug|Any CPU
		{D4E5F607-4444-5555-6666-777788889999}.Debug|x86.ActiveCfg = Debug|Any CPU
		{D4E5F607-4444-5555-6666-777788889999}.Debug|x86.Build.0 = Debug|Any CPU
		{D4E5F607-4444-5555-6666-777788889999}.Release|Any CPU.ActiveCfg = Release|Any CPU
		{D4E5F607-4444-5555-6666-777788889999}.Release|Any CPU.Build.0 = Release|Any CPU
		{D4E5F607-4444-5555-6666-777788889999}.Release|x64.ActiveCfg = Release|Any CPU
		{D4E5F607-4444-5555-6666-777788889999}.Release|x64.Build.0 = Release|Any CPU
		{D4E5F607-4444-5555-6666-777788889999}.Release|x86.ActiveCfg = Release|Any CPU
		{D4E5F607-4444-5555-6666-777788889999}.Release|x86.Build.0 = Release|Any CPU
		{C20CD254-2ABD-4741-B459-A6E4C01956E6}.Debug|Any CPU.ActiveCfg = Debug|Any CPU
		{C20CD254-2ABD-4741-B459-A6E4C01956E6}.Debug|Any CPU.Build.0 = Debug|Any CPU
		{C20CD254-2ABD-4741-B459-A6E4C01956E6}.Debug|x64.ActiveCfg = Debug|Any CPU
		{C20CD254-2ABD-4741-B459-A6E4C01956E6}.Debug|x64.Build.0 = Debug|Any CPU
		{C20CD254-2ABD-4741-B459-A6E4C01956E6}.Debug|x86.ActiveCfg = Debug|Any CPU
		{C20CD254-2ABD-4741-B459-A6E4C01956E6}.Debug|x86.Build.0 = Debug|Any CPU
		{C20CD254-2ABD-4741-B459-A6E4C01956E6}.Release|Any CPU.ActiveCfg = Release|Any CPU
		{C20CD254-2ABD-4741-B459-A6E4C01956E6}.Release|Any CPU.Build.0 = Release|Any CPU
		{C20CD254-2ABD-4741-B459-A6E4C01956E6}.Release|x64.ActiveCfg = Release|Any CPU
		{C20CD254-2ABD-4741-B459-A6E4C01956E6}.Release|x64.Build.0 = Release|Any CPU
		{C20CD254-2ABD-4741-B459-A6E4C01956E6}.Release|x86.ActiveCfg = Release|Any CPU
		{C20CD254-2ABD-4741-B459-A6E4C01956E6}.Release|x86.Build.0 = Release|Any CPU
	EndGlobalSection
	GlobalSection(SolutionProperties) = preSolution
		HideSolutionNode = FALSE
	EndGlobalSection
	GlobalSection(NestedProjects) = preSolution
		{C20CD254-2ABD-4741-B459-A6E4C01956E6} = {0AB3BF05-4346-4AA6-1389-037BE0695223}
		{22BAF98C-8415-17C4-B26A-D537657BC863} = {827E0CD3-B72D-47B6-A68D-7590B98EB39B}
	EndGlobalSection
EndGlobal
